// !$*UTF8*$!
{
	archiveVersion = 1;
	classes = {
	};
	objectVersion = 46;
	objects = {

/* Begin PBXBuildFile section */
		5AC5FCE81E64D20D00179EBB /* AppDelegate.swift in Sources */ = {isa = PBXBuildFile; fileRef = 5AC5FCE71E64D20D00179EBB /* AppDelegate.swift */; };
		5AC5FCED1E64D20D00179EBB /* Main.storyboard in Resources */ = {isa = PBXBuildFile; fileRef = 5AC5FCEB1E64D20D00179EBB /* Main.storyboard */; };
		5AC5FCEF1E64D20D00179EBB /* Assets.xcassets in Resources */ = {isa = PBXBuildFile; fileRef = 5AC5FCEE1E64D20D00179EBB /* Assets.xcassets */; };
		5AC5FCF21E64D20D00179EBB /* LaunchScreen.storyboard in Resources */ = {isa = PBXBuildFile; fileRef = 5AC5FCF01E64D20D00179EBB /* LaunchScreen.storyboard */; };
		5AC5FCFA1E64D31E00179EBB /* PostListTableViewController.swift in Sources */ = {isa = PBXBuildFile; fileRef = 5AC5FCF91E64D31E00179EBB /* PostListTableViewController.swift */; };
		5AC5FCFC1E64D3C200179EBB /* PostDetailTableViewController.swift in Sources */ = {isa = PBXBuildFile; fileRef = 5AC5FCFB1E64D3C200179EBB /* PostDetailTableViewController.swift */; };
		5AC5FCFE1E64D4B800179EBB /* AddPostTableViewController.swift in Sources */ = {isa = PBXBuildFile; fileRef = 5AC5FCFD1E64D4B800179EBB /* AddPostTableViewController.swift */; };
		5AC5FD001E64D53600179EBB /* SearchResultsTableViewController.swift in Sources */ = {isa = PBXBuildFile; fileRef = 5AC5FCFF1E64D53600179EBB /* SearchResultsTableViewController.swift */; };
		5AC5FD081E64D60200179EBB /* Post.swift in Sources */ = {isa = PBXBuildFile; fileRef = 5AC5FD071E64D60200179EBB /* Post.swift */; };
		5AC5FD0A1E64E40B00179EBB /* PostController.swift in Sources */ = {isa = PBXBuildFile; fileRef = 5AC5FD091E64E40B00179EBB /* PostController.swift */; };
/* End PBXBuildFile section */

/* Begin PBXFileReference section */
		5AC5FCE41E64D20D00179EBB /* Timeline.app */ = {isa = PBXFileReference; explicitFileType = wrapper.application; includeInIndex = 0; path = Timeline.app; sourceTree = BUILT_PRODUCTS_DIR; };
		5AC5FCE71E64D20D00179EBB /* AppDelegate.swift */ = {isa = PBXFileReference; lastKnownFileType = sourcecode.swift; path = AppDelegate.swift; sourceTree = "<group>"; };
		5AC5FCEC1E64D20D00179EBB /* Base */ = {isa = PBXFileReference; lastKnownFileType = file.storyboard; name = Base; path = Base.lproj/Main.storyboard; sourceTree = "<group>"; };
		5AC5FCEE1E64D20D00179EBB /* Assets.xcassets */ = {isa = PBXFileReference; lastKnownFileType = folder.assetcatalog; path = Assets.xcassets; sourceTree = "<group>"; };
		5AC5FCF11E64D20D00179EBB /* Base */ = {isa = PBXFileReference; lastKnownFileType = file.storyboard; name = Base; path = Base.lproj/LaunchScreen.storyboard; sourceTree = "<group>"; };
		5AC5FCF31E64D20D00179EBB /* Info.plist */ = {isa = PBXFileReference; lastKnownFileType = text.plist.xml; path = Info.plist; sourceTree = "<group>"; };
		5AC5FCF91E64D31E00179EBB /* PostListTableViewController.swift */ = {isa = PBXFileReference; fileEncoding = 4; lastKnownFileType = sourcecode.swift; path = PostListTableViewController.swift; sourceTree = "<group>"; };
		5AC5FCFB1E64D3C200179EBB /* PostDetailTableViewController.swift */ = {isa = PBXFileReference; fileEncoding = 4; lastKnownFileType = sourcecode.swift; path = PostDetailTableViewController.swift; sourceTree = "<group>"; };
		5AC5FCFD1E64D4B800179EBB /* AddPostTableViewController.swift */ = {isa = PBXFileReference; fileEncoding = 4; lastKnownFileType = sourcecode.swift; path = AddPostTableViewController.swift; sourceTree = "<group>"; };
		5AC5FCFF1E64D53600179EBB /* SearchResultsTableViewController.swift */ = {isa = PBXFileReference; fileEncoding = 4; lastKnownFileType = sourcecode.swift; path = SearchResultsTableViewController.swift; sourceTree = "<group>"; };
		5AC5FD071E64D60200179EBB /* Post.swift */ = {isa = PBXFileReference; fileEncoding = 4; lastKnownFileType = sourcecode.swift; path = Post.swift; sourceTree = "<group>"; };
		5AC5FD091E64E40B00179EBB /* PostController.swift */ = {isa = PBXFileReference; fileEncoding = 4; lastKnownFileType = sourcecode.swift; path = PostController.swift; sourceTree = "<group>"; };
/* End PBXFileReference section */

/* Begin PBXFrameworksBuildPhase section */
		5AC5FCE11E64D20D00179EBB /* Frameworks */ = {
			isa = PBXFrameworksBuildPhase;
			buildActionMask = 2147483647;
			files = (
			);
			runOnlyForDeploymentPostprocessing = 0;
		};
/* End PBXFrameworksBuildPhase section */

/* Begin PBXGroup section */
		5AC5FCDB1E64D20D00179EBB = {
			isa = PBXGroup;
			children = (
				5AC5FCE61E64D20D00179EBB /* Timeline */,
				5AC5FCE51E64D20D00179EBB /* Products */,
			);
			sourceTree = "<group>";
		};
		5AC5FCE51E64D20D00179EBB /* Products */ = {
			isa = PBXGroup;
			children = (
				5AC5FCE41E64D20D00179EBB /* Timeline.app */,
			);
			name = Products;
			sourceTree = "<group>";
		};
		5AC5FCE61E64D20D00179EBB /* Timeline */ = {
			isa = PBXGroup;
			children = (
				5AC5FD061E64D5E800179EBB /* Controllers */,
				5AC5FD051E64D5DC00179EBB /* ModelController */,
				5AC5FD041E64D5D400179EBB /* Model */,
				5AC5FCE71E64D20D00179EBB /* AppDelegate.swift */,
				5AC5FD021E64D57800179EBB /* View */,
				5AC5FD011E64D56100179EBB /* ViewController */,
				5AC5FD031E64D58A00179EBB /* Resources */,
			);
			path = Timeline;
			sourceTree = "<group>";
		};
		5AC5FD011E64D56100179EBB /* ViewController */ = {
			isa = PBXGroup;
			children = (
				5AC5FCFD1E64D4B800179EBB /* AddPostTableViewController.swift */,
				5AC5FCFF1E64D53600179EBB /* SearchResultsTableViewController.swift */,
				5AC5FCFB1E64D3C200179EBB /* PostDetailTableViewController.swift */,
				5AC5FCF91E64D31E00179EBB /* PostListTableViewController.swift */,
			);
			name = ViewController;
			sourceTree = "<group>";
		};
		5AC5FD021E64D57800179EBB /* View */ = {
			isa = PBXGroup;
			children = (
				5AC5FCF01E64D20D00179EBB /* LaunchScreen.storyboard */,
				5AC5FCEB1E64D20D00179EBB /* Main.storyboard */,
			);
			name = View;
			sourceTree = "<group>";
		};
		5AC5FD031E64D58A00179EBB /* Resources */ = {
			isa = PBXGroup;
			children = (
				5AC5FCF31E64D20D00179EBB /* Info.plist */,
				5AC5FCEE1E64D20D00179EBB /* Assets.xcassets */,
			);
			name = Resources;
			sourceTree = "<group>";
		};
		5AC5FD041E64D5D400179EBB /* Model */ = {
			isa = PBXGroup;
			children = (
				5AC5FD071E64D60200179EBB /* Post.swift */,
			);
			name = Model;
			sourceTree = "<group>";
		};
		5AC5FD051E64D5DC00179EBB /* ModelController */ = {
			isa = PBXGroup;
			children = (
				5AC5FD091E64E40B00179EBB /* PostController.swift */,
			);
			name = ModelController;
			sourceTree = "<group>";
		};
		5AC5FD061E64D5E800179EBB /* Controllers */ = {
			isa = PBXGroup;
			children = (
			);
			name = Controllers;
			sourceTree = "<group>";
		};
/* End PBXGroup section */

/* Begin PBXNativeTarget section */
		5AC5FCE31E64D20D00179EBB /* Timeline */ = {
			isa = PBXNativeTarget;
			buildConfigurationList = 5AC5FCF61E64D20D00179EBB /* Build configuration list for PBXNativeTarget "Timeline" */;
			buildPhases = (
				5AC5FCE01E64D20D00179EBB /* Sources */,
				5AC5FCE11E64D20D00179EBB /* Frameworks */,
				5AC5FCE21E64D20D00179EBB /* Resources */,
			);
			buildRules = (
			);
			dependencies = (
			);
			name = Timeline;
			productName = Timeline;
			productReference = 5AC5FCE41E64D20D00179EBB /* Timeline.app */;
			productType = "com.apple.product-type.application";
		};
/* End PBXNativeTarget section */

/* Begin PBXProject section */
		5AC5FCDC1E64D20D00179EBB /* Project object */ = {
			isa = PBXProject;
			attributes = {
				LastSwiftUpdateCheck = 0820;
				LastUpgradeCheck = 0820;
				ORGANIZATIONNAME = "Taylor Phillips";
				TargetAttributes = {
					5AC5FCE31E64D20D00179EBB = {
						CreatedOnToolsVersion = 8.2.1;
						ProvisioningStyle = Automatic;
					};
				};
			};
			buildConfigurationList = 5AC5FCDF1E64D20D00179EBB /* Build configuration list for PBXProject "Timeline" */;
			compatibilityVersion = "Xcode 3.2";
			developmentRegion = English;
			hasScannedForEncodings = 0;
			knownRegions = (
				en,
				Base,
			);
			mainGroup = 5AC5FCDB1E64D20D00179EBB;
			productRefGroup = 5AC5FCE51E64D20D00179EBB /* Products */;
			projectDirPath = "";
			projectRoot = "";
			targets = (
				5AC5FCE31E64D20D00179EBB /* Timeline */,
			);
		};
/* End PBXProject section */

/* Begin PBXResourcesBuildPhase section */
		5AC5FCE21E64D20D00179EBB /* Resources */ = {
			isa = PBXResourcesBuildPhase;
			buildActionMask = 2147483647;
			files = (
				5AC5FCF21E64D20D00179EBB /* LaunchScreen.storyboard in Resources */,
				5AC5FCEF1E64D20D00179EBB /* Assets.xcassets in Resources */,
				5AC5FCED1E64D20D00179EBB /* Main.storyboard in Resources */,
			);
			runOnlyForDeploymentPostprocessing = 0;
		};
/* End PBXResourcesBuildPhase section */

/* Begin PBXSourcesBuildPhase section */
		5AC5FCE01E64D20D00179EBB /* Sources */ = {
			isa = PBXSourcesBuildPhase;
			buildActionMask = 2147483647;
			files = (
				5AC5FCE81E64D20D00179EBB /* AppDelegate.swift in Sources */,
				5AC5FCFA1E64D31E00179EBB /* PostListTableViewController.swift in Sources */,
				5AC5FD001E64D53600179EBB /* SearchResultsTableViewController.swift in Sources */,
				5AC5FD081E64D60200179EBB /* Post.swift in Sources */,
				5AC5FD0A1E64E40B00179EBB /* PostController.swift in Sources */,
				5AC5FCFE1E64D4B800179EBB /* AddPostTableViewController.swift in Sources */,
				5AC5FCFC1E64D3C200179EBB /* PostDetailTableViewController.swift in Sources */,
			);
			runOnlyForDeploymentPostprocessing = 0;
		};
/* End PBXSourcesBuildPhase section */

/* Begin PBXVariantGroup section */
		5AC5FCEB1E64D20D00179EBB /* Main.storyboard */ = {
			isa = PBXVariantGroup;
			children = (
				5AC5FCEC1E64D20D00179EBB /* Base */,
			);
			name = Main.storyboard;
			sourceTree = "<group>";
		};
		5AC5FCF01E64D20D00179EBB /* LaunchScreen.storyboard */ = {
			isa = PBXVariantGroup;
			children = (
				5AC5FCF11E64D20D00179EBB /* Base */,
			);
			name = LaunchScreen.storyboard;
			sourceTree = "<group>";
		};
/* End PBXVariantGroup section */

/* Begin XCBuildConfiguration section */
		5AC5FCF41E64D20D00179EBB /* Debug */ = {
			isa = XCBuildConfiguration;
			buildSettings = {
				ALWAYS_SEARCH_USER_PATHS = NO;
				CLANG_ANALYZER_NONNULL = YES;
				CLANG_CXX_LANGUAGE_STANDARD = "gnu++0x";
				CLANG_CXX_LIBRARY = "libc++";
				CLANG_ENABLE_MODULES = YES;
				CLANG_ENABLE_OBJC_ARC = YES;
				CLANG_WARN_BOOL_CONVERSION = YES;
				CLANG_WARN_CONSTANT_CONVERSION = YES;
				CLANG_WARN_DIRECT_OBJC_ISA_USAGE = YES_ERROR;
				CLANG_WARN_DOCUMENTATION_COMMENTS = YES;
				CLANG_WARN_EMPTY_BODY = YES;
				CLANG_WARN_ENUM_CONVERSION = YES;
				CLANG_WARN_INFINITE_RECURSION = YES;
				CLANG_WARN_INT_CONVERSION = YES;
				CLANG_WARN_OBJC_ROOT_CLASS = YES_ERROR;
				CLANG_WARN_SUSPICIOUS_MOVE = YES;
				CLANG_WARN_UNREACHABLE_CODE = YES;
				CLANG_WARN__DUPLICATE_METHOD_MATCH = YES;
				"CODE_SIGN_IDENTITY[sdk=iphoneos*]" = "iPhone Developer";
				COPY_PHASE_STRIP = NO;
				DEBUG_INFORMATION_FORMAT = dwarf;
				ENABLE_STRICT_OBJC_MSGSEND = YES;
				ENABLE_TESTABILITY = YES;
				GCC_C_LANGUAGE_STANDARD = gnu99;
				GCC_DYNAMIC_NO_PIC = NO;
				GCC_NO_COMMON_BLOCKS = YES;
				GCC_OPTIMIZATION_LEVEL = 0;
				GCC_PREPROCESSOR_DEFINITIONS = (
					"DEBUG=1",
					"$(inherited)",
				);
				GCC_WARN_64_TO_32_BIT_CONVERSION = YES;
				GCC_WARN_ABOUT_RETURN_TYPE = YES_ERROR;
				GCC_WARN_UNDECLARED_SELECTOR = YES;
				GCC_WARN_UNINITIALIZED_AUTOS = YES_AGGRESSIVE;
				GCC_WARN_UNUSED_FUNCTION = YES;
				GCC_WARN_UNUSED_VARIABLE = YES;
				IPHONEOS_DEPLOYMENT_TARGET = 10.2;
				MTL_ENABLE_DEBUG_INFO = YES;
				ONLY_ACTIVE_ARCH = YES;
				SDKROOT = iphoneos;
				SWIFT_ACTIVE_COMPILATION_CONDITIONS = DEBUG;
				SWIFT_OPTIMIZATION_LEVEL = "-Onone";
				TARGETED_DEVICE_FAMILY = "1,2";
			};
			name = Debug;
		};
		5AC5FCF51E64D20D00179EBB /* Release */ = {
			isa = XCBuildConfiguration;
			buildSettings = {
				ALWAYS_SEARCH_USER_PATHS = NO;
				CLANG_ANALYZER_NONNULL = YES;
				CLANG_CXX_LANGUAGE_STANDARD = "gnu++0x";
				CLANG_CXX_LIBRARY = "libc++";
				CLANG_ENABLE_MODULES = YES;
				CLANG_ENABLE_OBJC_ARC = YES;
				CLANG_WARN_BOOL_CONVERSION = YES;
				CLANG_WARN_CONSTANT_CONVERSION = YES;
				CLANG_WARN_DIRECT_OBJC_ISA_USAGE = YES_ERROR;
				CLANG_WARN_DOCUMENTATION_COMMENTS = YES;
				CLANG_WARN_EMPTY_BODY = YES;
				CLANG_WARN_ENUM_CONVERSION = YES;
				CLANG_WARN_INFINITE_RECURSION = YES;
				CLANG_WARN_INT_CONVERSION = YES;
				CLANG_WARN_OBJC_ROOT_CLASS = YES_ERROR;
				CLANG_WARN_SUSPICIOUS_MOVE = YES;
				CLANG_WARN_UNREACHABLE_CODE = YES;
				CLANG_WARN__DUPLICATE_METHOD_MATCH = YES;
				"CODE_SIGN_IDENTITY[sdk=iphoneos*]" = "iPhone Developer";
				COPY_PHASE_STRIP = NO;
				DEBUG_INFORMATION_FORMAT = "dwarf-with-dsym";
				ENABLE_NS_ASSERTIONS = NO;
				ENABLE_STRICT_OBJC_MSGSEND = YES;
				GCC_C_LANGUAGE_STANDARD = gnu99;
				GCC_NO_COMMON_BLOCKS = YES;
				GCC_WARN_64_TO_32_BIT_CONVERSION = YES;
				GCC_WARN_ABOUT_RETURN_TYPE = YES_ERROR;
				GCC_WARN_UNDECLARED_SELECTOR = YES;
				GCC_WARN_UNINITIALIZED_AUTOS = YES_AGGRESSIVE;
				GCC_WARN_UNUSED_FUNCTION = YES;
				GCC_WARN_UNUSED_VARIABLE = YES;
				IPHONEOS_DEPLOYMENT_TARGET = 10.2;
				MTL_ENABLE_DEBUG_INFO = NO;
				SDKROOT = iphoneos;
				SWIFT_OPTIMIZATION_LEVEL = "-Owholemodule";
				TARGETED_DEVICE_FAMILY = "1,2";
				VALIDATE_PRODUCT = YES;
			};
			name = Release;
		};
		5AC5FCF71E64D20D00179EBB /* Debug */ = {
			isa = XCBuildConfiguration;
			buildSettings = {
				ASSETCATALOG_COMPILER_APPICON_NAME = AppIcon;
				INFOPLIST_FILE = Timeline/Info.plist;
				LD_RUNPATH_SEARCH_PATHS = "$(inherited) @executable_path/Frameworks";
				PRODUCT_BUNDLE_IDENTIFIER = com.theyawninglion.Timeline;
				PRODUCT_NAME = "$(TARGET_NAME)";
				SWIFT_VERSION = 3.0;
			};
			name = Debug;
		};
		5AC5FCF81E64D20D00179EBB /* Release */ = {
			isa = XCBuildConfiguration;
			buildSettings = {
				ASSETCATALOG_COMPILER_APPICON_NAME = AppIcon;
				INFOPLIST_FILE = Timeline/Info.plist;
				LD_RUNPATH_SEARCH_PATHS = "$(inherited) @executable_path/Frameworks";
				PRODUCT_BUNDLE_IDENTIFIER = com.theyawninglion.Timeline;
				PRODUCT_NAME = "$(TARGET_NAME)";
				SWIFT_VERSION = 3.0;
			};
			name = Release;
		};
/* End XCBuildConfiguration section */

/* Begin XCConfigurationList section */
		5AC5FCDF1E64D20D00179EBB /* Build configuration list for PBXProject "Timeline" */ = {
			isa = XCConfigurationList;
			buildConfigurations = (
				5AC5FCF41E64D20D00179EBB /* Debug */,
				5AC5FCF51E64D20D00179EBB /* Release */,
			);
			defaultConfigurationIsVisible = 0;
			defaultConfigurationName = Release;
		};
		5AC5FCF61E64D20D00179EBB /* Build configuration list for PBXNativeTarget "Timeline" */ = {
			isa = XCConfigurationList;
			buildConfigurations = (
				5AC5FCF71E64D20D00179EBB /* Debug */,
				5AC5FCF81E64D20D00179EBB /* Release */,
			);
			defaultConfigurationIsVisible = 0;
		};
/* End XCConfigurationList section */
	};
	rootObject = 5AC5FCDC1E64D20D00179EBB /* Project object */;
}
